// !$*UTF8*$!
{
	archiveVersion = 1;
	classes = {
	};
	objectVersion = 55;
	objects = {

/* Begin PBXBuildFile section */
		4B6B25AB288DA10300C05240 /* SwiftUIBootCampApp.swift in Sources */ = {isa = PBXBuildFile; fileRef = 4B6B25AA288DA10300C05240 /* SwiftUIBootCampApp.swift */; };
		4B6B25AD288DA10300C05240 /* ContentView.swift in Sources */ = {isa = PBXBuildFile; fileRef = 4B6B25AC288DA10300C05240 /* ContentView.swift */; };
		4B6B25AF288DA10600C05240 /* Assets.xcassets in Resources */ = {isa = PBXBuildFile; fileRef = 4B6B25AE288DA10600C05240 /* Assets.xcassets */; };
		4B6B25B2288DA10600C05240 /* Preview Assets.xcassets in Resources */ = {isa = PBXBuildFile; fileRef = 4B6B25B1288DA10600C05240 /* Preview Assets.xcassets */; };
		4B6B25B9288DA1FB00C05240 /* DownloadImageAsync.swift in Sources */ = {isa = PBXBuildFile; fileRef = 4B6B25B8288DA1FB00C05240 /* DownloadImageAsync.swift */; };
		4B7523FD29047EFC007184D6 /* LocationsDataService.swift in Sources */ = {isa = PBXBuildFile; fileRef = 4B7523FC29047EFC007184D6 /* LocationsDataService.swift */; };
		4B75240229047F8C007184D6 /* Location.swift in Sources */ = {isa = PBXBuildFile; fileRef = 4B75240129047F8C007184D6 /* Location.swift */; };
		4B752405290480AD007184D6 /* LocationView.swift in Sources */ = {isa = PBXBuildFile; fileRef = 4B752404290480AD007184D6 /* LocationView.swift */; };
		4B7524072904822B007184D6 /* LocationsViewModel.swift in Sources */ = {isa = PBXBuildFile; fileRef = 4B7524062904822B007184D6 /* LocationsViewModel.swift */; };
		4B7524092904885D007184D6 /* LocationsListView.swift in Sources */ = {isa = PBXBuildFile; fileRef = 4B7524082904885D007184D6 /* LocationsListView.swift */; };
		4B75240B29048DD4007184D6 /* LocationPreviewView.swift in Sources */ = {isa = PBXBuildFile; fileRef = 4B75240A29048DD4007184D6 /* LocationPreviewView.swift */; };
		4B75240D2904944D007184D6 /* LocationMapAnnotationView.swift in Sources */ = {isa = PBXBuildFile; fileRef = 4B75240C2904944D007184D6 /* LocationMapAnnotationView.swift */; };
		4B75240F29049657007184D6 /* LocationDetailView.swift in Sources */ = {isa = PBXBuildFile; fileRef = 4B75240E29049657007184D6 /* LocationDetailView.swift */; };
/* End PBXBuildFile section */

/* Begin PBXFileReference section */
		4B6B25A7288DA10300C05240 /* SwiftUIBootCamp.app */ = {isa = PBXFileReference; explicitFileType = wrapper.application; includeInIndex = 0; path = SwiftUIBootCamp.app; sourceTree = BUILT_PRODUCTS_DIR; };
		4B6B25AA288DA10300C05240 /* SwiftUIBootCampApp.swift */ = {isa = PBXFileReference; lastKnownFileType = sourcecode.swift; path = SwiftUIBootCampApp.swift; sourceTree = "<group>"; };
		4B6B25AC288DA10300C05240 /* ContentView.swift */ = {isa = PBXFileReference; lastKnownFileType = sourcecode.swift; path = ContentView.swift; sourceTree = "<group>"; };
		4B6B25AE288DA10600C05240 /* Assets.xcassets */ = {isa = PBXFileReference; lastKnownFileType = folder.assetcatalog; path = Assets.xcassets; sourceTree = "<group>"; };
		4B6B25B1288DA10600C05240 /* Preview Assets.xcassets */ = {isa = PBXFileReference; lastKnownFileType = folder.assetcatalog; path = "Preview Assets.xcassets"; sourceTree = "<group>"; };
		4B6B25B8288DA1FB00C05240 /* DownloadImageAsync.swift */ = {isa = PBXFileReference; lastKnownFileType = sourcecode.swift; path = DownloadImageAsync.swift; sourceTree = "<group>"; };
		4B7523FC29047EFC007184D6 /* LocationsDataService.swift */ = {isa = PBXFileReference; fileEncoding = 4; lastKnownFileType = sourcecode.swift; path = LocationsDataService.swift; sourceTree = "<group>"; };
		4B75240129047F8C007184D6 /* Location.swift */ = {isa = PBXFileReference; lastKnownFileType = sourcecode.swift; path = Location.swift; sourceTree = "<group>"; };
		4B752404290480AD007184D6 /* LocationView.swift */ = {isa = PBXFileReference; lastKnownFileType = sourcecode.swift; path = LocationView.swift; sourceTree = "<group>"; };
		4B7524062904822B007184D6 /* LocationsViewModel.swift */ = {isa = PBXFileReference; lastKnownFileType = sourcecode.swift; path = LocationsViewModel.swift; sourceTree = "<group>"; };
		4B7524082904885D007184D6 /* LocationsListView.swift */ = {isa = PBXFileReference; lastKnownFileType = sourcecode.swift; path = LocationsListView.swift; sourceTree = "<group>"; };
		4B75240A29048DD4007184D6 /* LocationPreviewView.swift */ = {isa = PBXFileReference; lastKnownFileType = sourcecode.swift; path = LocationPreviewView.swift; sourceTree = "<group>"; };
		4B75240C2904944D007184D6 /* LocationMapAnnotationView.swift */ = {isa = PBXFileReference; lastKnownFileType = sourcecode.swift; path = LocationMapAnnotationView.swift; sourceTree = "<group>"; };
		4B75240E29049657007184D6 /* LocationDetailView.swift */ = {isa = PBXFileReference; lastKnownFileType = sourcecode.swift; path = LocationDetailView.swift; sourceTree = "<group>"; };
/* End PBXFileReference section */

/* Begin PBXFrameworksBuildPhase section */
		4B6B25A4288DA10300C05240 /* Frameworks */ = {
			isa = PBXFrameworksBuildPhase;
			buildActionMask = 2147483647;
			files = (
			);
			runOnlyForDeploymentPostprocessing = 0;
		};
/* End PBXFrameworksBuildPhase section */

/* Begin PBXGroup section */
		4B6B259E288DA10300C05240 = {
			isa = PBXGroup;
			children = (
				4B6B25A9288DA10300C05240 /* SwiftUIBootCamp */,
				4B6B25A8288DA10300C05240 /* Products */,
			);
			sourceTree = "<group>";
		};
		4B6B25A8288DA10300C05240 /* Products */ = {
			isa = PBXGroup;
			children = (
				4B6B25A7288DA10300C05240 /* SwiftUIBootCamp.app */,
			);
			name = Products;
			sourceTree = "<group>";
		};
		4B6B25A9288DA10300C05240 /* SwiftUIBootCamp */ = {
			isa = PBXGroup;
			children = (
				4B7523FB29047E4A007184D6 /* MapKitPratice */,
				4B7523FA29047E1D007184D6 /* Advanced */,
				4B6B25AA288DA10300C05240 /* SwiftUIBootCampApp.swift */,
				4B6B25AC288DA10300C05240 /* ContentView.swift */,
				4B6B25AE288DA10600C05240 /* Assets.xcassets */,
				4B6B25B0288DA10600C05240 /* Preview Content */,
			);
			path = SwiftUIBootCamp;
			sourceTree = "<group>";
		};
		4B6B25B0288DA10600C05240 /* Preview Content */ = {
			isa = PBXGroup;
			children = (
				4B6B25B1288DA10600C05240 /* Preview Assets.xcassets */,
			);
			path = "Preview Content";
			sourceTree = "<group>";
		};
		4B7523FA29047E1D007184D6 /* Advanced */ = {
			isa = PBXGroup;
			children = (
				4B6B25B8288DA1FB00C05240 /* DownloadImageAsync.swift */,
			);
			path = Advanced;
			sourceTree = "<group>";
		};
		4B7523FB29047E4A007184D6 /* MapKitPratice */ = {
			isa = PBXGroup;
			children = (
				4B75240329048022007184D6 /* DataServices */,
				4B7523FE29047F6C007184D6 /* Models */,
				4B75240029047F77007184D6 /* Views */,
				4B7523FF29047F70007184D6 /* ViewModels */,
			);
			path = MapKitPratice;
			sourceTree = "<group>";
		};
		4B7523FE29047F6C007184D6 /* Models */ = {
			isa = PBXGroup;
			children = (
				4B75240129047F8C007184D6 /* Location.swift */,
			);
			path = Models;
			sourceTree = "<group>";
		};
		4B7523FF29047F70007184D6 /* ViewModels */ = {
			isa = PBXGroup;
			children = (
				4B7524062904822B007184D6 /* LocationsViewModel.swift */,
			);
			path = ViewModels;
			sourceTree = "<group>";
		};
		4B75240029047F77007184D6 /* Views */ = {
			isa = PBXGroup;
			children = (
				4B752404290480AD007184D6 /* LocationView.swift */,
				4B7524082904885D007184D6 /* LocationsListView.swift */,
				4B75240A29048DD4007184D6 /* LocationPreviewView.swift */,
				4B75240C2904944D007184D6 /* LocationMapAnnotationView.swift */,
				4B75240E29049657007184D6 /* LocationDetailView.swift */,
			);
			path = Views;
			sourceTree = "<group>";
		};
		4B75240329048022007184D6 /* DataServices */ = {
			isa = PBXGroup;
			children = (
				4B7523FC29047EFC007184D6 /* LocationsDataService.swift */,
			);
			path = DataServices;
			sourceTree = "<group>";
		};
/* End PBXGroup section */

/* Begin PBXNativeTarget section */
		4B6B25A6288DA10300C05240 /* SwiftUIBootCamp */ = {
			isa = PBXNativeTarget;
			buildConfigurationList = 4B6B25B5288DA10600C05240 /* Build configuration list for PBXNativeTarget "SwiftUIBootCamp" */;
			buildPhases = (
				4B6B25A3288DA10300C05240 /* Sources */,
				4B6B25A4288DA10300C05240 /* Frameworks */,
				4B6B25A5288DA10300C05240 /* Resources */,
			);
			buildRules = (
			);
			dependencies = (
			);
			name = SwiftUIBootCamp;
			productName = SwiftUIBootCamp;
			productReference = 4B6B25A7288DA10300C05240 /* SwiftUIBootCamp.app */;
			productType = "com.apple.product-type.application";
		};
/* End PBXNativeTarget section */

/* Begin PBXProject section */
		4B6B259F288DA10300C05240 /* Project object */ = {
			isa = PBXProject;
			attributes = {
				BuildIndependentTargetsInParallel = 1;
				LastSwiftUpdateCheck = 1340;
				LastUpgradeCheck = 1340;
				TargetAttributes = {
					4B6B25A6288DA10300C05240 = {
						CreatedOnToolsVersion = 13.4.1;
					};
				};
			};
			buildConfigurationList = 4B6B25A2288DA10300C05240 /* Build configuration list for PBXProject "SwiftUIBootCamp" */;
			compatibilityVersion = "Xcode 13.0";
			developmentRegion = en;
			hasScannedForEncodings = 0;
			knownRegions = (
				en,
				Base,
			);
			mainGroup = 4B6B259E288DA10300C05240;
			productRefGroup = 4B6B25A8288DA10300C05240 /* Products */;
			projectDirPath = "";
			projectRoot = "";
			targets = (
				4B6B25A6288DA10300C05240 /* SwiftUIBootCamp */,
			);
		};
/* End PBXProject section */

/* Begin PBXResourcesBuildPhase section */
		4B6B25A5288DA10300C05240 /* Resources */ = {
			isa = PBXResourcesBuildPhase;
			buildActionMask = 2147483647;
			files = (
				4B6B25B2288DA10600C05240 /* Preview Assets.xcassets in Resources */,
				4B6B25AF288DA10600C05240 /* Assets.xcassets in Resources */,
			);
			runOnlyForDeploymentPostprocessing = 0;
		};
/* End PBXResourcesBuildPhase section */

/* Begin PBXSourcesBuildPhase section */
		4B6B25A3288DA10300C05240 /* Sources */ = {
			isa = PBXSourcesBuildPhase;
			buildActionMask = 2147483647;
			files = (
				4B7523FD29047EFC007184D6 /* LocationsDataService.swift in Sources */,
				4B75240D2904944D007184D6 /* LocationMapAnnotationView.swift in Sources */,
				4B75240F29049657007184D6 /* LocationDetailView.swift in Sources */,
				4B752405290480AD007184D6 /* LocationView.swift in Sources */,
				4B6B25B9288DA1FB00C05240 /* DownloadImageAsync.swift in Sources */,
				4B7524072904822B007184D6 /* LocationsViewModel.swift in Sources */,
				4B75240B29048DD4007184D6 /* LocationPreviewView.swift in Sources */,
				4B75240229047F8C007184D6 /* Location.swift in Sources */,
				4B7524092904885D007184D6 /* LocationsListView.swift in Sources */,
				4B6B25AD288DA10300C05240 /* ContentView.swift in Sources */,
				4B6B25AB288DA10300C05240 /* SwiftUIBootCampApp.swift in Sources */,
			);
			runOnlyForDeploymentPostprocessing = 0;
		};
/* End PBXSourcesBuildPhase section */

/* Begin XCBuildConfiguration section */
		4B6B25B3288DA10600C05240 /* Debug */ = {
			isa = XCBuildConfiguration;
			buildSettings = {
				ALWAYS_SEARCH_USER_PATHS = NO;
				CLANG_ANALYZER_NONNULL = YES;
				CLANG_ANALYZER_NUMBER_OBJECT_CONVERSION = YES_AGGRESSIVE;
				CLANG_CXX_LANGUAGE_STANDARD = "gnu++17";
				CLANG_ENABLE_MODULES = YES;
				CLANG_ENABLE_OBJC_ARC = YES;
				CLANG_ENABLE_OBJC_WEAK = YES;
				CLANG_WARN_BLOCK_CAPTURE_AUTORELEASING = YES;
				CLANG_WARN_BOOL_CONVERSION = YES;
				CLANG_WARN_COMMA = YES;
				CLANG_WARN_CONSTANT_CONVERSION = YES;
				CLANG_WARN_DEPRECATED_OBJC_IMPLEMENTATIONS = YES;
				CLANG_WARN_DIRECT_OBJC_ISA_USAGE = YES_ERROR;
				CLANG_WARN_DOCUMENTATION_COMMENTS = YES;
				CLANG_WARN_EMPTY_BODY = YES;
				CLANG_WARN_ENUM_CONVERSION = YES;
				CLANG_WARN_INFINITE_RECURSION = YES;
				CLANG_WARN_INT_CONVERSION = YES;
				CLANG_WARN_NON_LITERAL_NULL_CONVERSION = YES;
				CLANG_WARN_OBJC_IMPLICIT_RETAIN_SELF = YES;
				CLANG_WARN_OBJC_LITERAL_CONVERSION = YES;
				CLANG_WARN_OBJC_ROOT_CLASS = YES_ERROR;
				CLANG_WARN_QUOTED_INCLUDE_IN_FRAMEWORK_HEADER = YES;
				CLANG_WARN_RANGE_LOOP_ANALYSIS = YES;
				CLANG_WARN_STRICT_PROTOTYPES = YES;
				CLANG_WARN_SUSPICIOUS_MOVE = YES;
				CLANG_WARN_UNGUARDED_AVAILABILITY = YES_AGGRESSIVE;
				CLANG_WARN_UNREACHABLE_CODE = YES;
				CLANG_WARN__DUPLICATE_METHOD_MATCH = YES;
				COPY_PHASE_STRIP = NO;
				DEBUG_INFORMATION_FORMAT = dwarf;
				ENABLE_STRICT_OBJC_MSGSEND = YES;
				ENABLE_TESTABILITY = YES;
				GCC_C_LANGUAGE_STANDARD = gnu11;
				GCC_DYNAMIC_NO_PIC = NO;
				GCC_NO_COMMON_BLOCKS = YES;
				GCC_OPTIMIZATION_LEVEL = 0;
				GCC_PREPROCESSOR_DEFINITIONS = (
					"DEBUG=1",
					"$(inherited)",
				);
				GCC_WARN_64_TO_32_BIT_CONVERSION = YES;
				GCC_WARN_ABOUT_RETURN_TYPE = YES_ERROR;
				GCC_WARN_UNDECLARED_SELECTOR = YES;
				GCC_WARN_UNINITIALIZED_AUTOS = YES_AGGRESSIVE;
				GCC_WARN_UNUSED_FUNCTION = YES;
				GCC_WARN_UNUSED_VARIABLE = YES;
				IPHONEOS_DEPLOYMENT_TARGET = 15.5;
				MTL_ENABLE_DEBUG_INFO = INCLUDE_SOURCE;
				MTL_FAST_MATH = YES;
				ONLY_ACTIVE_ARCH = YES;
				SDKROOT = iphoneos;
				SWIFT_ACTIVE_COMPILATION_CONDITIONS = DEBUG;
				SWIFT_OPTIMIZATION_LEVEL = "-Onone";
			};
			name = Debug;
		};
		4B6B25B4288DA10600C05240 /* Release */ = {
			isa = XCBuildConfiguration;
			buildSettings = {
				ALWAYS_SEARCH_USER_PATHS = NO;
				CLANG_ANALYZER_NONNULL = YES;
				CLANG_ANALYZER_NUMBER_OBJECT_CONVERSION = YES_AGGRESSIVE;
				CLANG_CXX_LANGUAGE_STANDARD = "gnu++17";
				CLANG_ENABLE_MODULES = YES;
				CLANG_ENABLE_OBJC_ARC = YES;
				CLANG_ENABLE_OBJC_WEAK = YES;
				CLANG_WARN_BLOCK_CAPTURE_AUTORELEASING = YES;
				CLANG_WARN_BOOL_CONVERSION = YES;
				CLANG_WARN_COMMA = YES;
				CLANG_WARN_CONSTANT_CONVERSION = YES;
				CLANG_WARN_DEPRECATED_OBJC_IMPLEMENTATIONS = YES;
				CLANG_WARN_DIRECT_OBJC_ISA_USAGE = YES_ERROR;
				CLANG_WARN_DOCUMENTATION_COMMENTS = YES;
				CLANG_WARN_EMPTY_BODY = YES;
				CLANG_WARN_ENUM_CONVERSION = YES;
				CLANG_WARN_INFINITE_RECURSION = YES;
				CLANG_WARN_INT_CONVERSION = YES;
				CLANG_WARN_NON_LITERAL_NULL_CONVERSION = YES;
				CLANG_WARN_OBJC_IMPLICIT_RETAIN_SELF = YES;
				CLANG_WARN_OBJC_LITERAL_CONVERSION = YES;
				CLANG_WARN_OBJC_ROOT_CLASS = YES_ERROR;
				CLANG_WARN_QUOTED_INCLUDE_IN_FRAMEWORK_HEADER = YES;
				CLANG_WARN_RANGE_LOOP_ANALYSIS = YES;
				CLANG_WARN_STRICT_PROTOTYPES = YES;
				CLANG_WARN_SUSPICIOUS_MOVE = YES;
				CLANG_WARN_UNGUARDED_AVAILABILITY = YES_AGGRESSIVE;
				CLANG_WARN_UNREACHABLE_CODE = YES;
				CLANG_WARN__DUPLICATE_METHOD_MATCH = YES;
				COPY_PHASE_STRIP = NO;
				DEBUG_INFORMATION_FORMAT = "dwarf-with-dsym";
				ENABLE_NS_ASSERTIONS = NO;
				ENABLE_STRICT_OBJC_MSGSEND = YES;
				GCC_C_LANGUAGE_STANDARD = gnu11;
				GCC_NO_COMMON_BLOCKS = YES;
				GCC_WARN_64_TO_32_BIT_CONVERSION = YES;
				GCC_WARN_ABOUT_RETURN_TYPE = YES_ERROR;
				GCC_WARN_UNDECLARED_SELECTOR = YES;
				GCC_WARN_UNINITIALIZED_AUTOS = YES_AGGRESSIVE;
				GCC_WARN_UNUSED_FUNCTION = YES;
				GCC_WARN_UNUSED_VARIABLE = YES;
				IPHONEOS_DEPLOYMENT_TARGET = 15.5;
				MTL_ENABLE_DEBUG_INFO = NO;
				MTL_FAST_MATH = YES;
				SDKROOT = iphoneos;
				SWIFT_COMPILATION_MODE = wholemodule;
				SWIFT_OPTIMIZATION_LEVEL = "-O";
				VALIDATE_PRODUCT = YES;
			};
			name = Release;
		};
		4B6B25B6288DA10600C05240 /* Debug */ = {
			isa = XCBuildConfiguration;
			buildSettings = {
				ASSETCATALOG_COMPILER_APPICON_NAME = AppIcon;
				ASSETCATALOG_COMPILER_GLOBAL_ACCENT_COLOR_NAME = AccentColor;
				CODE_SIGN_STYLE = Automatic;
				CURRENT_PROJECT_VERSION = 1;
				DEVELOPMENT_ASSET_PATHS = "\"SwiftUIBootCamp/Preview Content\"";
				DEVELOPMENT_TEAM = BM87E2D97X;
				ENABLE_PREVIEWS = YES;
				GENERATE_INFOPLIST_FILE = YES;
				INFOPLIST_KEY_UIApplicationSceneManifest_Generation = YES;
				INFOPLIST_KEY_UIApplicationSupportsIndirectInputEvents = YES;
				INFOPLIST_KEY_UILaunchScreen_Generation = YES;
				INFOPLIST_KEY_UISupportedInterfaceOrientations_iPad = "UIInterfaceOrientationPortrait UIInterfaceOrientationPortraitUpsideDown UIInterfaceOrientationLandscapeLeft UIInterfaceOrientationLandscapeRight";
				INFOPLIST_KEY_UISupportedInterfaceOrientations_iPhone = "UIInterfaceOrientationPortrait UIInterfaceOrientationLandscapeLeft UIInterfaceOrientationLandscapeRight";
				LD_RUNPATH_SEARCH_PATHS = (
					"$(inherited)",
					"@executable_path/Frameworks",
				);
				MARKETING_VERSION = 1.0;
				PRODUCT_BUNDLE_IDENTIFIER = com.snowtech.SwiftUIBootCamp;
				PRODUCT_NAME = "$(TARGET_NAME)";
				SWIFT_EMIT_LOC_STRINGS = YES;
				SWIFT_VERSION = 5.0;
				TARGETED_DEVICE_FAMILY = "1,2";
			};
			name = Debug;
		};
		4B6B25B7288DA10600C05240 /* Release */ = {
			isa = XCBuildConfiguration;
			buildSettings = {
				ASSETCATALOG_COMPILER_APPICON_NAME = AppIcon;
				ASSETCATALOG_COMPILER_GLOBAL_ACCENT_COLOR_NAME = AccentColor;
				CODE_SIGN_STYLE = Automatic;
				CURRENT_PROJECT_VERSION = 1;
				DEVELOPMENT_ASSET_PATHS = "\"SwiftUIBootCamp/Preview Content\"";
				DEVELOPMENT_TEAM = BM87E2D97X;
				ENABLE_PREVIEWS = YES;
				GENERATE_INFOPLIST_FILE = YES;
				INFOPLIST_KEY_UIApplicationSceneManifest_Generation = YES;
				INFOPLIST_KEY_UIApplicationSupportsIndirectInputEvents = YES;
				INFOPLIST_KEY_UILaunchScreen_Generation = YES;
				INFOPLIST_KEY_UISupportedInterfaceOrientations_iPad = "UIInterfaceOrientationPortrait UIInterfaceOrientationPortraitUpsideDown UIInterfaceOrientationLandscapeLeft UIInterfaceOrientationLandscapeRight";
				INFOPLIST_KEY_UISupportedInterfaceOrientations_iPhone = "UIInterfaceOrientationPortrait UIInterfaceOrientationLandscapeLeft UIInterfaceOrientationLandscapeRight";
				LD_RUNPATH_SEARCH_PATHS = (
					"$(inherited)",
					"@executable_path/Frameworks",
				);
				MARKETING_VERSION = 1.0;
				PRODUCT_BUNDLE_IDENTIFIER = com.snowtech.SwiftUIBootCamp;
				PRODUCT_NAME = "$(TARGET_NAME)";
				SWIFT_EMIT_LOC_STRINGS = YES;
				SWIFT_VERSION = 5.0;
				TARGETED_DEVICE_FAMILY = "1,2";
			};
			name = Release;
		};
/* End XCBuildConfiguration section */

/* Begin XCConfigurationList section */
		4B6B25A2288DA10300C05240 /* Build configuration list for PBXProject "SwiftUIBootCamp" */ = {
			isa = XCConfigurationList;
			buildConfigurations = (
				4B6B25B3288DA10600C05240 /* Debug */,
				4B6B25B4288DA10600C05240 /* Release */,
			);
			defaultConfigurationIsVisible = 0;
			defaultConfigurationName = Release;
		};
		4B6B25B5288DA10600C05240 /* Build configuration list for PBXNativeTarget "SwiftUIBootCamp" */ = {
			isa = XCConfigurationList;
			buildConfigurations = (
				4B6B25B6288DA10600C05240 /* Debug */,
				4B6B25B7288DA10600C05240 /* Release */,
			);
			defaultConfigurationIsVisible = 0;
			defaultConfigurationName = Release;
		};
/* End XCConfigurationList section */
	};
	rootObject = 4B6B259F288DA10300C05240 /* Project object */;
}
